
Microsoft Visual Studio Solution File, Format Version 12.00
# Visual Studio Version 17
VisualStudioVersion = 17.3.32929.385
MinimumVisualStudioVersion = 10.0.40219.1
Project("{FAE04EC0-301F-11D3-BF4B-00C04F79EFBC}") = "CsharpDemo", "CsharpDemo\CsharpDemo.csproj", "{B6845289-0F22-42FD-98D6-6D3FD2A7A370}"
EndProject
Global
	GlobalSection(SolutionConfigurationPlatforms) = preSolution
		Debug|Any CPU = Debug|Any CPU
		Release|Any CPU = Release|Any CPU
	EndGlobalSection
	GlobalSection(ProjectConfigurationPlatforms) = postSolution
		{B6845289-0F22-42FD-98D6-6D3FD2A7A370}.Debug|Any CPU.ActiveCfg = Debug|Any CPU
		{B6845289-0F22-42FD-98D6-6D3FD2A7A370}.Debug|Any CPU.Build.0 = Debug|Any CPU
		{B6845289-0F22-42FD-98D6-6D3FD2A7A370}.Release|Any CPU.ActiveCfg = Release|Any CPU
		{B6845289-0F22-42FD-98D6-6D3FD2A7A370}.Release|Any CPU.Build.0 = Release|Any CPU
	EndGlobalSection
	GlobalSection(SolutionProperties) = preSolution
		HideSolutionNode = FALSE
	EndGlobalSection
	GlobalSection(ExtensibilityGlobals) = postSolution
		SolutionGuid = {080F4D3C-1DAC-4037-BC29-775FA6011A6D}
	EndGlobalSection
EndGlobal
